<?xml version="1.0" encoding="utf-8"?>
<Project ToolsVersion="4.0" xmlns="http://schemas.microsoft.com/developer/msbuild/2003">
  <ItemGroup>
    <Filter Include="Source Files">
      <UniqueIdentifier>{4FC737F1-C7A5-4376-A066-2A32D752A2FF}</UniqueIdentifier>
      <Extensions>cpp;c;cc;cxx;c++;cppm;ixx;def;odl;idl;hpj;bat;asm;asmx</Extensions>
    </Filter>
    <Filter Include="Header Files">
      <UniqueIdentifier>{93995380-89BD-4b04-88EB-625FBE52EBFB}</UniqueIdentifier>
      <Extensions>h;hh;hpp;hxx;h++;hm;inl;inc;ipp;xsd</Extensions>
    </Filter>
    <Filter Include="Resource Files">
      <UniqueIdentifier>{67DA6AB6-F800-4c08-8B7A-83BB121AAD01}</UniqueIdentifier>
      <Extensions>rc;ico;cur;bmp;dlg;rc2;rct;bin;rgs;gif;jpg;jpeg;jpe;resx;tiff;tif;png;wav;mfcribbon-ms</Extensions>
    </Filter>
    <Filter Include="Resource Files\rtmidi">
      <UniqueIdentifier>{7b72845f-643e-4681-be33-33c6a6cf19f1}</UniqueIdentifier>
    </Filter>
    <Filter Include="Resource Files\midifile">
      <UniqueIdentifier>{c04758fc-85dc-488f-8104-754ade9df5e0}</UniqueIdentifier>
    </Filter>
    <Filter Include="Resource Files\midifile\include">
      <UniqueIdentifier>{1fd20fa5-e00f-4f59-acd6-29fd1a8f68a5}</UniqueIdentifier>
    </Filter>
    <Filter Include="Resource Files\midifile\src">
      <UniqueIdentifier>{ad21a703-e5e3-45bd-994a-4e8331d7ece7}</UniqueIdentifier>
    </Filter>
  </ItemGroup>
  <ItemGroup>
    <ClCompile Include="midiin.cpp">
      <Filter>Source Files</Filter>
    </ClCompile>
    <ClCompile Include="midiparse.cpp">
      <Filter>Source Files</Filter>
    </ClCompile>
    <ClCompile Include="main.cpp">
      <Filter>Source Files</Filter>
    </ClCompile>
    <ClCompile Include="midifile\src\MidiEventList.cpp">
      <Filter>Resource Files\midifile\src</Filter>
    </ClCompile>
    <ClCompile Include="midifile\src\MidiFile.cpp">
      <Filter>Resource Files\midifile\src</Filter>
    </ClCompile>
    <ClCompile Include="midifile\src\MidiMessage.cpp">
      <Filter>Resource Files\midifile\src</Filter>
    </ClCompile>
    <ClCompile Include="midifile\src\Options.cpp">
      <Filter>Resource Files\midifile\src</Filter>
    </ClCompile>
    <ClCompile Include="midifile\src\Binasc.cpp">
      <Filter>Resource Files\midifile\src</Filter>
    </ClCompile>
    <ClCompile Include="midifile\src\MidiEvent.cpp">
      <Filter>Resource Files\midifile\src</Filter>
    </ClCompile>
    <ClCompile Include="rtmidi\RtMidi.cpp">
      <Filter>Resource Files\rtmidi</Filter>
    </ClCompile>
  </ItemGroup>
  <ItemGroup>
    <ClInclude Include="interface.h">
      <Filter>Source Files</Filter>
    </ClInclude>
    <ClInclude Include="midifile\include\MidiEventList.h">
      <Filter>Resource Files\midifile\include</Filter>
    </ClInclude>
    <ClInclude Include="midifile\include\MidiFile.h">
      <Filter>Resource Files\midifile\include</Filter>
    </ClInclude>
    <ClInclude Include="midifile\include\MidiMessage.h">
      <Filter>Resource Files\midifile\include</Filter>
    </ClInclude>
    <ClInclude Include="midifile\include\Options.h">
      <Filter>Resource Files\midifile\include</Filter>
    </ClInclude>
    <ClInclude Include="midifile\include\Binasc.h">
      <Filter>Resource Files\midifile\include</Filter>
    </ClInclude>
    <ClInclude Include="midifile\include\MidiEvent.h">
      <Filter>Resource Files\midifile\include</Filter>
    </ClInclude>
    <ClInclude Include="rtmidi\RtMidi.h">
      <Filter>Resource Files\rtmidi</Filter>
    </ClInclude>
  </ItemGroup>
</Project>